
Microsoft Visual Studio Solution File, Format Version 12.00
# Visual Studio Version 17
VisualStudioVersion = 17.12.35514.174
MinimumVisualStudioVersion = 10.0.40219.1
Project("{FAE04EC0-301F-11D3-BF4B-00C04F79EFBC}") = "SpurGearCalculation", "SpurGearCalculation.csproj", "{59BF9247-4770-49AD-8337-40AD56071AEE}"
EndProject
Project("{FAE04EC0-301F-11D3-BF4B-00C04F79EFBC}") = "SpurGearCalculation.API", "..\SpurGearCalculation.API\SpurGearCalculation.API.csproj", "{D17BD96C-E3A5-4FEE-A7A2-81AC34947B50}"
EndProject
Global
	GlobalSection(SolutionConfigurationPlatforms) = preSolution
		Debug|Any CPU = Debug|Any CPU
		Release|Any CPU = Release|Any CPU
	EndGlobalSection
	GlobalSection(ProjectConfigurationPlatforms) = postSolution
		{59BF9247-4770-49AD-8337-40AD56071AEE}.Debug|Any CPU.ActiveCfg = Debug|Any CPU
		{59BF9247-4770-49AD-8337-40AD56071AEE}.Debug|Any CPU.Build.0 = Debug|Any CPU
		{59BF9247-4770-49AD-8337-40AD56071AEE}.Release|Any CPU.ActiveCfg = Release|Any CPU
		{59BF9247-4770-49AD-8337-40AD56071AEE}.Release|Any CPU.Build.0 = Release|Any CPU
		{D17BD96C-E3A5-4FEE-A7A2-81AC34947B50}.Debug|Any CPU.ActiveCfg = Debug|Any CPU
		{D17BD96C-E3A5-4FEE-A7A2-81AC34947B50}.Debug|Any CPU.Build.0 = Debug|Any CPU
		{D17BD96C-E3A5-4FEE-A7A2-81AC34947B50}.Release|Any CPU.ActiveCfg = Release|Any CPU
		{D17BD96C-E3A5-4FEE-A7A2-81AC34947B50}.Release|Any CPU.Build.0 = Release|Any CPU
	EndGlobalSection
	GlobalSection(SolutionProperties) = preSolution
		HideSolutionNode = FALSE
	EndGlobalSection
EndGlobal
